
Microsoft Visual Studio Solution File, Format Version 12.00
# Visual Studio Version 16
VisualStudioVersion = 16.0.29709.97
MinimumVisualStudioVersion = 10.0.40219.1
Project("{FAE04EC0-301F-11D3-BF4B-00C04F79EFBC}") = "Plague", "Source\Plague.csproj", "{74ADAC4F-039F-4C3B-B6C2-6405A4FF512F}"
EndProject
Global
	GlobalSection(SolutionConfigurationPlatforms) = preSolution
		Debug|Any CPU = Debug|Any CPU
		Release|Any CPU = Release|Any CPU
	EndGlobalSection
	GlobalSection(ProjectConfigurationPlatforms) = postSolution
		{74ADAC4F-039F-4C3B-B6C2-6405A4FF512F}.Debug|Any CPU.ActiveCfg = Debug|Any CPU
		{74ADAC4F-039F-4C3B-B6C2-6405A4FF512F}.Debug|Any CPU.Build.0 = Debug|Any CPU
		{74ADAC4F-039F-4C3B-B6C2-6405A4FF512F}.Release|Any CPU.ActiveCfg = Release|Any CPU
		{74ADAC4F-039F-4C3B-B6C2-6405A4FF512F}.Release|Any CPU.Build.0 = Release|Any CPU
	EndGlobalSection
	GlobalSection(SolutionProperties) = preSolution
		HideSolutionNode = FALSE
	EndGlobalSection
	GlobalSection(ExtensibilityGlobals) = postSolution
		SolutionGuid = {6FCC38BC-FB35-4A76-86AE-C23EA2AC3453}
	EndGlobalSection
EndGlobal
